
Microsoft Visual Studio Solution File, Format Version 12.00
# Visual Studio Version 17
VisualStudioVersion = 17.0.31903.59
MinimumVisualStudioVersion = 10.0.40219.1
Project("{9A19103F-16F7-4668-BE54-9A1E7A4F7556}") = "WebApp", "WebApp\WebApp.csproj", "{7889A812-44C8-4CA9-9AD2-87B941F435BB}"
EndProject
Project("{2150E333-8FDC-42A3-9474-1A3956D46DE8}") = "Projektmappenelemente", "Projektmappenelemente", "{3F1D5BFA-E1CA-411F-A9F5-368FF0FCBF2E}"
	ProjectSection(SolutionItems) = preProject
		.gitignore = .gitignore
		LICENSE = LICENSE
		README.md = README.md
	EndProjectSection
EndProject
Global
	GlobalSection(SolutionConfigurationPlatforms) = preSolution
		Debug|Any CPU = Debug|Any CPU
		Release|Any CPU = Release|Any CPU
	EndGlobalSection
	GlobalSection(ProjectConfigurationPlatforms) = postSolution
		{7889A812-44C8-4CA9-9AD2-87B941F435BB}.Debug|Any CPU.ActiveCfg = Debug|Any CPU
		{7889A812-44C8-4CA9-9AD2-87B941F435BB}.Debug|Any CPU.Build.0 = Debug|Any CPU
		{7889A812-44C8-4CA9-9AD2-87B941F435BB}.Release|Any CPU.ActiveCfg = Release|Any CPU
		{7889A812-44C8-4CA9-9AD2-87B941F435BB}.Release|Any CPU.Build.0 = Release|Any CPU
	EndGlobalSection
	GlobalSection(SolutionProperties) = preSolution
		HideSolutionNode = FALSE
	EndGlobalSection
	GlobalSection(ExtensibilityGlobals) = postSolution
		SolutionGuid = {CD867FC3-CC29-4DCB-8527-7F391B793A3B}
	EndGlobalSection
EndGlobal
